
Microsoft Visual Studio Solution File, Format Version 12.00
# Visual Studio Version 16
VisualStudioVersion = 16.0.30413.136
MinimumVisualStudioVersion = 10.0.40219.1
Project("{9A19103F-16F7-4668-BE54-9A1E7A4F7556}") = "Raindrops", "..\Raindrops.csproj", "{1C207245-4BA9-43BE-9EB3-8A1E69AC2561}"
EndProject
Global
	GlobalSection(SolutionConfigurationPlatforms) = preSolution
		Debug|Any CPU = Debug|Any CPU
		Release|Any CPU = Release|Any CPU
	EndGlobalSection
	GlobalSection(ProjectConfigurationPlatforms) = postSolution
		{1C207245-4BA9-43BE-9EB3-8A1E69AC2561}.Debug|Any CPU.ActiveCfg = Debug|Any CPU
		{1C207245-4BA9-43BE-9EB3-8A1E69AC2561}.Debug|Any CPU.Build.0 = Debug|Any CPU
		{1C207245-4BA9-43BE-9EB3-8A1E69AC2561}.Release|Any CPU.ActiveCfg = Release|Any CPU
		{1C207245-4BA9-43BE-9EB3-8A1E69AC2561}.Release|Any CPU.Build.0 = Release|Any CPU
	EndGlobalSection
	GlobalSection(SolutionProperties) = preSolution
		HideSolutionNode = FALSE
	EndGlobalSection
	GlobalSection(ExtensibilityGlobals) = postSolution
		SolutionGuid = {B8ACFFCE-79F2-4091-948F-5BFA32EFED6B}
	EndGlobalSection
EndGlobal
