
Microsoft Visual Studio Solution File, Format Version 12.00
# Visual Studio Version 16
VisualStudioVersion = 16.0.30503.244
MinimumVisualStudioVersion = 10.0.40219.1
Project("{9A19103F-16F7-4668-BE54-9A1E7A4F7556}") = "ErrorHandling", "..\ErrorHandling.csproj", "{C280CF2C-8BB9-4DE2-BFA9-8BD99044FE57}"
EndProject
Global
	GlobalSection(SolutionConfigurationPlatforms) = preSolution
		Debug|Any CPU = Debug|Any CPU
		Release|Any CPU = Release|Any CPU
	EndGlobalSection
	GlobalSection(ProjectConfigurationPlatforms) = postSolution
		{C280CF2C-8BB9-4DE2-BFA9-8BD99044FE57}.Debug|Any CPU.ActiveCfg = Debug|Any CPU
		{C280CF2C-8BB9-4DE2-BFA9-8BD99044FE57}.Debug|Any CPU.Build.0 = Debug|Any CPU
		{C280CF2C-8BB9-4DE2-BFA9-8BD99044FE57}.Release|Any CPU.ActiveCfg = Release|Any CPU
		{C280CF2C-8BB9-4DE2-BFA9-8BD99044FE57}.Release|Any CPU.Build.0 = Release|Any CPU
	EndGlobalSection
	GlobalSection(SolutionProperties) = preSolution
		HideSolutionNode = FALSE
	EndGlobalSection
	GlobalSection(ExtensibilityGlobals) = postSolution
		SolutionGuid = {A0F9DAA9-2C3F-4B4D-A24B-F303FE464857}
	EndGlobalSection
EndGlobal
