
Microsoft Visual Studio Solution File, Format Version 12.00
# Visual Studio Version 16
VisualStudioVersion = 16.0.30413.136
MinimumVisualStudioVersion = 10.0.40219.1
Project("{9A19103F-16F7-4668-BE54-9A1E7A4F7556}") = "Hamming", "..\Hamming.csproj", "{A6E3ADA4-0DED-40EC-A671-785FA64621E7}"
EndProject
Global
	GlobalSection(SolutionConfigurationPlatforms) = preSolution
		Debug|Any CPU = Debug|Any CPU
		Release|Any CPU = Release|Any CPU
	EndGlobalSection
	GlobalSection(ProjectConfigurationPlatforms) = postSolution
		{A6E3ADA4-0DED-40EC-A671-785FA64621E7}.Debug|Any CPU.ActiveCfg = Debug|Any CPU
		{A6E3ADA4-0DED-40EC-A671-785FA64621E7}.Debug|Any CPU.Build.0 = Debug|Any CPU
		{A6E3ADA4-0DED-40EC-A671-785FA64621E7}.Release|Any CPU.ActiveCfg = Release|Any CPU
		{A6E3ADA4-0DED-40EC-A671-785FA64621E7}.Release|Any CPU.Build.0 = Release|Any CPU
	EndGlobalSection
	GlobalSection(SolutionProperties) = preSolution
		HideSolutionNode = FALSE
	EndGlobalSection
	GlobalSection(ExtensibilityGlobals) = postSolution
		SolutionGuid = {D708232E-497F-43B7-8CEA-B28A89510A56}
	EndGlobalSection
EndGlobal
