
Microsoft Visual Studio Solution File, Format Version 12.00
# Visual Studio Version 16
VisualStudioVersion = 16.0.30413.136
MinimumVisualStudioVersion = 10.0.40219.1
Project("{9A19103F-16F7-4668-BE54-9A1E7A4F7556}") = "SumOfMultiples", "..\SumOfMultiples.csproj", "{A1FBA504-E5DE-4BCD-AA6F-963D7A481888}"
EndProject
Global
	GlobalSection(SolutionConfigurationPlatforms) = preSolution
		Debug|Any CPU = Debug|Any CPU
		Release|Any CPU = Release|Any CPU
	EndGlobalSection
	GlobalSection(ProjectConfigurationPlatforms) = postSolution
		{A1FBA504-E5DE-4BCD-AA6F-963D7A481888}.Debug|Any CPU.ActiveCfg = Debug|Any CPU
		{A1FBA504-E5DE-4BCD-AA6F-963D7A481888}.Debug|Any CPU.Build.0 = Debug|Any CPU
		{A1FBA504-E5DE-4BCD-AA6F-963D7A481888}.Release|Any CPU.ActiveCfg = Release|Any CPU
		{A1FBA504-E5DE-4BCD-AA6F-963D7A481888}.Release|Any CPU.Build.0 = Release|Any CPU
	EndGlobalSection
	GlobalSection(SolutionProperties) = preSolution
		HideSolutionNode = FALSE
	EndGlobalSection
	GlobalSection(ExtensibilityGlobals) = postSolution
		SolutionGuid = {3DB25B61-59FE-46D7-9C86-37ABAD7D4205}
	EndGlobalSection
EndGlobal
