
Microsoft Visual Studio Solution File, Format Version 12.00
# Visual Studio Version 16
VisualStudioVersion = 16.0.30503.244
MinimumVisualStudioVersion = 10.0.40219.1
Project("{9A19103F-16F7-4668-BE54-9A1E7A4F7556}") = "ProteinTranslation", "..\ProteinTranslation.csproj", "{3F624F0D-3362-49C6-9D5C-11F9DBCD6067}"
EndProject
Global
	GlobalSection(SolutionConfigurationPlatforms) = preSolution
		Debug|Any CPU = Debug|Any CPU
		Release|Any CPU = Release|Any CPU
	EndGlobalSection
	GlobalSection(ProjectConfigurationPlatforms) = postSolution
		{3F624F0D-3362-49C6-9D5C-11F9DBCD6067}.Debug|Any CPU.ActiveCfg = Debug|Any CPU
		{3F624F0D-3362-49C6-9D5C-11F9DBCD6067}.Debug|Any CPU.Build.0 = Debug|Any CPU
		{3F624F0D-3362-49C6-9D5C-11F9DBCD6067}.Release|Any CPU.ActiveCfg = Release|Any CPU
		{3F624F0D-3362-49C6-9D5C-11F9DBCD6067}.Release|Any CPU.Build.0 = Release|Any CPU
	EndGlobalSection
	GlobalSection(SolutionProperties) = preSolution
		HideSolutionNode = FALSE
	EndGlobalSection
	GlobalSection(ExtensibilityGlobals) = postSolution
		SolutionGuid = {63F34E5F-5440-4BC8-8C6C-472FE2DFCD3D}
	EndGlobalSection
EndGlobal
