
Microsoft Visual Studio Solution File, Format Version 12.00
# Visual Studio Version 16
VisualStudioVersion = 16.0.30413.136
MinimumVisualStudioVersion = 10.0.40219.1
Project("{9A19103F-16F7-4668-BE54-9A1E7A4F7556}") = "Clock", "..\Clock.csproj", "{48FE3548-BE70-498A-8851-087563FFCD85}"
EndProject
Global
	GlobalSection(SolutionConfigurationPlatforms) = preSolution
		Debug|Any CPU = Debug|Any CPU
		Release|Any CPU = Release|Any CPU
	EndGlobalSection
	GlobalSection(ProjectConfigurationPlatforms) = postSolution
		{48FE3548-BE70-498A-8851-087563FFCD85}.Debug|Any CPU.ActiveCfg = Debug|Any CPU
		{48FE3548-BE70-498A-8851-087563FFCD85}.Debug|Any CPU.Build.0 = Debug|Any CPU
		{48FE3548-BE70-498A-8851-087563FFCD85}.Release|Any CPU.ActiveCfg = Release|Any CPU
		{48FE3548-BE70-498A-8851-087563FFCD85}.Release|Any CPU.Build.0 = Release|Any CPU
	EndGlobalSection
	GlobalSection(SolutionProperties) = preSolution
		HideSolutionNode = FALSE
	EndGlobalSection
	GlobalSection(ExtensibilityGlobals) = postSolution
		SolutionGuid = {BF6C13C9-C9DF-4B3D-9D6B-EC108BC86B5F}
	EndGlobalSection
EndGlobal
