
Microsoft Visual Studio Solution File, Format Version 12.00
# Visual Studio Version 16
VisualStudioVersion = 16.0.30413.136
MinimumVisualStudioVersion = 10.0.40219.1
Project("{9A19103F-16F7-4668-BE54-9A1E7A4F7556}") = "Accumulate", "..\Accumulate.csproj", "{0B12CC53-C689-44AB-AFF4-86BC0CE265E5}"
EndProject
Global
	GlobalSection(SolutionConfigurationPlatforms) = preSolution
		Debug|Any CPU = Debug|Any CPU
		Release|Any CPU = Release|Any CPU
	EndGlobalSection
	GlobalSection(ProjectConfigurationPlatforms) = postSolution
		{0B12CC53-C689-44AB-AFF4-86BC0CE265E5}.Debug|Any CPU.ActiveCfg = Debug|Any CPU
		{0B12CC53-C689-44AB-AFF4-86BC0CE265E5}.Debug|Any CPU.Build.0 = Debug|Any CPU
		{0B12CC53-C689-44AB-AFF4-86BC0CE265E5}.Release|Any CPU.ActiveCfg = Release|Any CPU
		{0B12CC53-C689-44AB-AFF4-86BC0CE265E5}.Release|Any CPU.Build.0 = Release|Any CPU
	EndGlobalSection
	GlobalSection(SolutionProperties) = preSolution
		HideSolutionNode = FALSE
	EndGlobalSection
	GlobalSection(ExtensibilityGlobals) = postSolution
		SolutionGuid = {23E2CFB3-C074-4C09-A9B0-C737320D19DA}
	EndGlobalSection
EndGlobal
