
Microsoft Visual Studio Solution File, Format Version 12.00
# Visual Studio Version 16
VisualStudioVersion = 16.0.30413.136
MinimumVisualStudioVersion = 10.0.40219.1
Project("{9A19103F-16F7-4668-BE54-9A1E7A4F7556}") = "RobotName", "..\RobotName.csproj", "{E357A59F-7164-4F43-A58F-3FCC5F2A7870}"
EndProject
Global
	GlobalSection(SolutionConfigurationPlatforms) = preSolution
		Debug|Any CPU = Debug|Any CPU
		Release|Any CPU = Release|Any CPU
	EndGlobalSection
	GlobalSection(ProjectConfigurationPlatforms) = postSolution
		{E357A59F-7164-4F43-A58F-3FCC5F2A7870}.Debug|Any CPU.ActiveCfg = Debug|Any CPU
		{E357A59F-7164-4F43-A58F-3FCC5F2A7870}.Debug|Any CPU.Build.0 = Debug|Any CPU
		{E357A59F-7164-4F43-A58F-3FCC5F2A7870}.Release|Any CPU.ActiveCfg = Release|Any CPU
		{E357A59F-7164-4F43-A58F-3FCC5F2A7870}.Release|Any CPU.Build.0 = Release|Any CPU
	EndGlobalSection
	GlobalSection(SolutionProperties) = preSolution
		HideSolutionNode = FALSE
	EndGlobalSection
	GlobalSection(ExtensibilityGlobals) = postSolution
		SolutionGuid = {E0E22BD7-B10E-4E58-9BAC-C9319B09D141}
	EndGlobalSection
EndGlobal
