
Microsoft Visual Studio Solution File, Format Version 12.00
# Visual Studio Version 16
VisualStudioVersion = 16.0.30413.136
MinimumVisualStudioVersion = 10.0.40219.1
Project("{9A19103F-16F7-4668-BE54-9A1E7A4F7556}") = "Allergies", "..\Allergies.csproj", "{45B7271A-CC2B-46A1-A53E-0C8A3EB6722B}"
EndProject
Global
	GlobalSection(SolutionConfigurationPlatforms) = preSolution
		Debug|Any CPU = Debug|Any CPU
		Release|Any CPU = Release|Any CPU
	EndGlobalSection
	GlobalSection(ProjectConfigurationPlatforms) = postSolution
		{45B7271A-CC2B-46A1-A53E-0C8A3EB6722B}.Debug|Any CPU.ActiveCfg = Debug|Any CPU
		{45B7271A-CC2B-46A1-A53E-0C8A3EB6722B}.Debug|Any CPU.Build.0 = Debug|Any CPU
		{45B7271A-CC2B-46A1-A53E-0C8A3EB6722B}.Release|Any CPU.ActiveCfg = Release|Any CPU
		{45B7271A-CC2B-46A1-A53E-0C8A3EB6722B}.Release|Any CPU.Build.0 = Release|Any CPU
	EndGlobalSection
	GlobalSection(SolutionProperties) = preSolution
		HideSolutionNode = FALSE
	EndGlobalSection
	GlobalSection(ExtensibilityGlobals) = postSolution
		SolutionGuid = {1C294A6D-2884-491B-9E29-495B24858FBC}
	EndGlobalSection
EndGlobal
