
Microsoft Visual Studio Solution File, Format Version 12.00
# Visual Studio Version 16
VisualStudioVersion = 16.0.30413.136
MinimumVisualStudioVersion = 10.0.40219.1
Project("{9A19103F-16F7-4668-BE54-9A1E7A4F7556}") = "Proverb", "..\Proverb.csproj", "{51448BAC-6824-4F18-9FCC-18F7E5510F6E}"
EndProject
Global
	GlobalSection(SolutionConfigurationPlatforms) = preSolution
		Debug|Any CPU = Debug|Any CPU
		Release|Any CPU = Release|Any CPU
	EndGlobalSection
	GlobalSection(ProjectConfigurationPlatforms) = postSolution
		{51448BAC-6824-4F18-9FCC-18F7E5510F6E}.Debug|Any CPU.ActiveCfg = Debug|Any CPU
		{51448BAC-6824-4F18-9FCC-18F7E5510F6E}.Debug|Any CPU.Build.0 = Debug|Any CPU
		{51448BAC-6824-4F18-9FCC-18F7E5510F6E}.Release|Any CPU.ActiveCfg = Release|Any CPU
		{51448BAC-6824-4F18-9FCC-18F7E5510F6E}.Release|Any CPU.Build.0 = Release|Any CPU
	EndGlobalSection
	GlobalSection(SolutionProperties) = preSolution
		HideSolutionNode = FALSE
	EndGlobalSection
	GlobalSection(ExtensibilityGlobals) = postSolution
		SolutionGuid = {F5C39D0C-17D4-4331-B1B7-D79438913F16}
	EndGlobalSection
EndGlobal
